// !$*UTF8*$!
{
	archiveVersion = 1;
	classes = {
	};
	objectVersion = 56;
	objects = {

/* Begin PBXBuildFile section */
		3A27B6C82BBB5C3200FCC327 /* HomeView.swift in Sources */ = {isa = PBXBuildFile; fileRef = 3A27B6C72BBB5C3200FCC327 /* HomeView.swift */; };
		3A27B6CB2BBB622500FCC327 /* CircleButtonView.swift in Sources */ = {isa = PBXBuildFile; fileRef = 3A27B6CA2BBB622500FCC327 /* CircleButtonView.swift */; };
		3A27B6CE2BBB680E00FCC327 /* CircleButtonAnimationView.swift in Sources */ = {isa = PBXBuildFile; fileRef = 3A27B6CD2BBB680E00FCC327 /* CircleButtonAnimationView.swift */; };
		3A8740072BBB6D54004D1BCB /* Coin.swift in Sources */ = {isa = PBXBuildFile; fileRef = 3A8740062BBB6D54004D1BCB /* Coin.swift */; };
		3A8740092BBB71CB004D1BCB /* CoinRowView.swift in Sources */ = {isa = PBXBuildFile; fileRef = 3A8740082BBB71CB004D1BCB /* CoinRowView.swift */; };
		3A87400C2BBB721D004D1BCB /* PreviewProvider+Development.swift in Sources */ = {isa = PBXBuildFile; fileRef = 3A87400B2BBB721D004D1BCB /* PreviewProvider+Development.swift */; };
		3A87400E2BBB7659004D1BCB /* Color+Theme.swift in Sources */ = {isa = PBXBuildFile; fileRef = 3A87400D2BBB7659004D1BCB /* Color+Theme.swift */; };
		3A8740132BBB77BB004D1BCB /* Double+Formatter.swift in Sources */ = {isa = PBXBuildFile; fileRef = 3A8740122BBB77BB004D1BCB /* Double+Formatter.swift */; };
		3A8740152BBB7D83004D1BCB /* HomeViewModel.swift in Sources */ = {isa = PBXBuildFile; fileRef = 3A8740142BBB7D83004D1BCB /* HomeViewModel.swift */; };
		3A9B6BC52BBCA7CD00CD40D1 /* CoinDataService.swift in Sources */ = {isa = PBXBuildFile; fileRef = 3A9B6BC42BBCA7CD00CD40D1 /* CoinDataService.swift */; };
		3A9B6BC82BBCAA3F00CD40D1 /* NetworkEndpoint.swift in Sources */ = {isa = PBXBuildFile; fileRef = 3A9B6BC72BBCAA3F00CD40D1 /* NetworkEndpoint.swift */; };
		3A9B6BCA2BBCAA7F00CD40D1 /* NetworkManager.swift in Sources */ = {isa = PBXBuildFile; fileRef = 3A9B6BC92BBCAA7F00CD40D1 /* NetworkManager.swift */; };
		3A9B6BCC2BBCAADB00CD40D1 /* NetworkError.swift in Sources */ = {isa = PBXBuildFile; fileRef = 3A9B6BCB2BBCAADB00CD40D1 /* NetworkError.swift */; };
		3A9B6BCE2BBCB05100CD40D1 /* Constants.swift in Sources */ = {isa = PBXBuildFile; fileRef = 3A9B6BCD2BBCB05100CD40D1 /* Constants.swift */; };
		3A9B6BD02BBCB68600CD40D1 /* HTTPMethod.swift in Sources */ = {isa = PBXBuildFile; fileRef = 3A9B6BCF2BBCB68600CD40D1 /* HTTPMethod.swift */; };
		3A9B6BD42BBCC23A00CD40D1 /* CoinImageView.swift in Sources */ = {isa = PBXBuildFile; fileRef = 3A9B6BD32BBCC23A00CD40D1 /* CoinImageView.swift */; };
		3A9B6BD62BBCC25F00CD40D1 /* CoinImageViewModel.swift in Sources */ = {isa = PBXBuildFile; fileRef = 3A9B6BD52BBCC25F00CD40D1 /* CoinImageViewModel.swift */; };
		3A9B6BD82BBCC2A500CD40D1 /* CoinImageService.swift in Sources */ = {isa = PBXBuildFile; fileRef = 3A9B6BD72BBCC2A500CD40D1 /* CoinImageService.swift */; };
		3A9B6BDB2BBCC3FA00CD40D1 /* FilesManager.swift in Sources */ = {isa = PBXBuildFile; fileRef = 3A9B6BDA2BBCC3FA00CD40D1 /* FilesManager.swift */; };
		3AC51A1B2BBB539A004E643B /* CryproApp.swift in Sources */ = {isa = PBXBuildFile; fileRef = 3AC51A1A2BBB539A004E643B /* CryproApp.swift */; };
		3AC51A1F2BBB539B004E643B /* Assets.xcassets in Resources */ = {isa = PBXBuildFile; fileRef = 3AC51A1E2BBB539B004E643B /* Assets.xcassets */; };
		3AC51A222BBB539B004E643B /* Preview Assets.xcassets in Resources */ = {isa = PBXBuildFile; fileRef = 3AC51A212BBB539B004E643B /* Preview Assets.xcassets */; };
/* End PBXBuildFile section */

/* Begin PBXFileReference section */
		3A27B6C72BBB5C3200FCC327 /* HomeView.swift */ = {isa = PBXFileReference; lastKnownFileType = sourcecode.swift; path = HomeView.swift; sourceTree = "<group>"; };
		3A27B6CA2BBB622500FCC327 /* CircleButtonView.swift */ = {isa = PBXFileReference; lastKnownFileType = sourcecode.swift; path = CircleButtonView.swift; sourceTree = "<group>"; };
		3A27B6CD2BBB680E00FCC327 /* CircleButtonAnimationView.swift */ = {isa = PBXFileReference; lastKnownFileType = sourcecode.swift; path = CircleButtonAnimationView.swift; sourceTree = "<group>"; };
		3A8740062BBB6D54004D1BCB /* Coin.swift */ = {isa = PBXFileReference; lastKnownFileType = sourcecode.swift; path = Coin.swift; sourceTree = "<group>"; };
		3A8740082BBB71CB004D1BCB /* CoinRowView.swift */ = {isa = PBXFileReference; lastKnownFileType = sourcecode.swift; path = CoinRowView.swift; sourceTree = "<group>"; };
		3A87400B2BBB721D004D1BCB /* PreviewProvider+Development.swift */ = {isa = PBXFileReference; lastKnownFileType = sourcecode.swift; path = "PreviewProvider+Development.swift"; sourceTree = "<group>"; };
		3A87400D2BBB7659004D1BCB /* Color+Theme.swift */ = {isa = PBXFileReference; lastKnownFileType = sourcecode.swift; path = "Color+Theme.swift"; sourceTree = "<group>"; };
		3A8740122BBB77BB004D1BCB /* Double+Formatter.swift */ = {isa = PBXFileReference; lastKnownFileType = sourcecode.swift; path = "Double+Formatter.swift"; sourceTree = "<group>"; };
		3A8740142BBB7D83004D1BCB /* HomeViewModel.swift */ = {isa = PBXFileReference; lastKnownFileType = sourcecode.swift; path = HomeViewModel.swift; sourceTree = "<group>"; };
		3A9B6BC42BBCA7CD00CD40D1 /* CoinDataService.swift */ = {isa = PBXFileReference; lastKnownFileType = sourcecode.swift; path = CoinDataService.swift; sourceTree = "<group>"; };
		3A9B6BC72BBCAA3F00CD40D1 /* NetworkEndpoint.swift */ = {isa = PBXFileReference; lastKnownFileType = sourcecode.swift; path = NetworkEndpoint.swift; sourceTree = "<group>"; };
		3A9B6BC92BBCAA7F00CD40D1 /* NetworkManager.swift */ = {isa = PBXFileReference; lastKnownFileType = sourcecode.swift; path = NetworkManager.swift; sourceTree = "<group>"; };
		3A9B6BCB2BBCAADB00CD40D1 /* NetworkError.swift */ = {isa = PBXFileReference; lastKnownFileType = sourcecode.swift; path = NetworkError.swift; sourceTree = "<group>"; };
		3A9B6BCD2BBCB05100CD40D1 /* Constants.swift */ = {isa = PBXFileReference; lastKnownFileType = sourcecode.swift; path = Constants.swift; sourceTree = "<group>"; };
		3A9B6BCF2BBCB68600CD40D1 /* HTTPMethod.swift */ = {isa = PBXFileReference; lastKnownFileType = sourcecode.swift; path = HTTPMethod.swift; sourceTree = "<group>"; };
		3A9B6BD32BBCC23A00CD40D1 /* CoinImageView.swift */ = {isa = PBXFileReference; lastKnownFileType = sourcecode.swift; path = CoinImageView.swift; sourceTree = "<group>"; };
		3A9B6BD52BBCC25F00CD40D1 /* CoinImageViewModel.swift */ = {isa = PBXFileReference; lastKnownFileType = sourcecode.swift; path = CoinImageViewModel.swift; sourceTree = "<group>"; };
		3A9B6BD72BBCC2A500CD40D1 /* CoinImageService.swift */ = {isa = PBXFileReference; lastKnownFileType = sourcecode.swift; path = CoinImageService.swift; sourceTree = "<group>"; };
		3A9B6BDA2BBCC3FA00CD40D1 /* FilesManager.swift */ = {isa = PBXFileReference; lastKnownFileType = sourcecode.swift; path = FilesManager.swift; sourceTree = "<group>"; };
		3AC51A172BBB539A004E643B /* Crypro.app */ = {isa = PBXFileReference; explicitFileType = wrapper.application; includeInIndex = 0; path = Crypro.app; sourceTree = BUILT_PRODUCTS_DIR; };
		3AC51A1A2BBB539A004E643B /* CryproApp.swift */ = {isa = PBXFileReference; lastKnownFileType = sourcecode.swift; path = CryproApp.swift; sourceTree = "<group>"; };
		3AC51A1E2BBB539B004E643B /* Assets.xcassets */ = {isa = PBXFileReference; lastKnownFileType = folder.assetcatalog; path = Assets.xcassets; sourceTree = "<group>"; };
		3AC51A212BBB539B004E643B /* Preview Assets.xcassets */ = {isa = PBXFileReference; lastKnownFileType = folder.assetcatalog; path = "Preview Assets.xcassets"; sourceTree = "<group>"; };
/* End PBXFileReference section */

/* Begin PBXFrameworksBuildPhase section */
		3AC51A142BBB539A004E643B /* Frameworks */ = {
			isa = PBXFrameworksBuildPhase;
			buildActionMask = 2147483647;
			files = (
			);
			runOnlyForDeploymentPostprocessing = 0;
		};
/* End PBXFrameworksBuildPhase section */

/* Begin PBXGroup section */
		3A27B6C32BBB5C0D00FCC327 /* Core */ = {
			isa = PBXGroup;
			children = (
				3A27B6C92BBB621000FCC327 /* Components */,
				3A27B6C42BBB5C1700FCC327 /* Home */,
			);
			path = Core;
			sourceTree = "<group>";
		};
		3A27B6C42BBB5C1700FCC327 /* Home */ = {
			isa = PBXGroup;
			children = (
				3A27B6C62BBB5C2300FCC327 /* ViewModels */,
				3A27B6C52BBB5C1E00FCC327 /* Views */,
			);
			path = Home;
			sourceTree = "<group>";
		};
		3A27B6C52BBB5C1E00FCC327 /* Views */ = {
			isa = PBXGroup;
			children = (
				3A27B6C72BBB5C3200FCC327 /* HomeView.swift */,
				3A8740082BBB71CB004D1BCB /* CoinRowView.swift */,
			);
			path = Views;
			sourceTree = "<group>";
		};
		3A27B6C62BBB5C2300FCC327 /* ViewModels */ = {
			isa = PBXGroup;
			children = (
				3A8740142BBB7D83004D1BCB /* HomeViewModel.swift */,
			);
			path = ViewModels;
			sourceTree = "<group>";
		};
		3A27B6C92BBB621000FCC327 /* Components */ = {
			isa = PBXGroup;
			children = (
				3A9B6BD22BBCC22F00CD40D1 /* CoinImage */,
				3A27B6CC2BBB622A00FCC327 /* CircleButton */,
			);
			path = Components;
			sourceTree = "<group>";
		};
		3A27B6CC2BBB622A00FCC327 /* CircleButton */ = {
			isa = PBXGroup;
			children = (
				3A27B6CA2BBB622500FCC327 /* CircleButtonView.swift */,
				3A27B6CD2BBB680E00FCC327 /* CircleButtonAnimationView.swift */,
			);
			path = CircleButton;
			sourceTree = "<group>";
		};
		3A8740052BBB6D35004D1BCB /* Models */ = {
			isa = PBXGroup;
			children = (
				3A8740062BBB6D54004D1BCB /* Coin.swift */,
			);
			path = Models;
			sourceTree = "<group>";
		};
		3A87400A2BBB720F004D1BCB /* Extensions */ = {
			isa = PBXGroup;
			children = (
				3A87400B2BBB721D004D1BCB /* PreviewProvider+Development.swift */,
				3A87400D2BBB7659004D1BCB /* Color+Theme.swift */,
				3A8740122BBB77BB004D1BCB /* Double+Formatter.swift */,
			);
			path = Extensions;
			sourceTree = "<group>";
		};
		3A9B6BC32BBCA7AC00CD40D1 /* Services */ = {
			isa = PBXGroup;
			children = (
				3A9B6BC42BBCA7CD00CD40D1 /* CoinDataService.swift */,
				3A9B6BD72BBCC2A500CD40D1 /* CoinImageService.swift */,
			);
			path = Services;
			sourceTree = "<group>";
		};
		3A9B6BC62BBCAA2900CD40D1 /* Utilities */ = {
			isa = PBXGroup;
			children = (
				3A9B6BD12BBCB69900CD40D1 /* Network */,
				3A9B6BD92BBCC3E500CD40D1 /* Files */,
			);
			path = Utilities;
			sourceTree = "<group>";
		};
		3A9B6BD12BBCB69900CD40D1 /* Network */ = {
			isa = PBXGroup;
			children = (
				3A9B6BCF2BBCB68600CD40D1 /* HTTPMethod.swift */,
				3A9B6BC72BBCAA3F00CD40D1 /* NetworkEndpoint.swift */,
				3A9B6BC92BBCAA7F00CD40D1 /* NetworkManager.swift */,
				3A9B6BCB2BBCAADB00CD40D1 /* NetworkError.swift */,
			);
			path = Network;
			sourceTree = "<group>";
		};
		3A9B6BD22BBCC22F00CD40D1 /* CoinImage */ = {
			isa = PBXGroup;
			children = (
				3A9B6BD32BBCC23A00CD40D1 /* CoinImageView.swift */,
				3A9B6BD52BBCC25F00CD40D1 /* CoinImageViewModel.swift */,
			);
			path = CoinImage;
			sourceTree = "<group>";
		};
		3A9B6BD92BBCC3E500CD40D1 /* Files */ = {
			isa = PBXGroup;
			children = (
				3A9B6BDA2BBCC3FA00CD40D1 /* FilesManager.swift */,
			);
			path = Files;
			sourceTree = "<group>";
		};
		3AC51A0E2BBB539A004E643B = {
			isa = PBXGroup;
			children = (
				3AC51A192BBB539A004E643B /* Crypro */,
				3AC51A182BBB539A004E643B /* Products */,
			);
			sourceTree = "<group>";
		};
		3AC51A182BBB539A004E643B /* Products */ = {
			isa = PBXGroup;
			children = (
				3AC51A172BBB539A004E643B /* Crypro.app */,
			);
			name = Products;
			sourceTree = "<group>";
		};
		3AC51A192BBB539A004E643B /* Crypro */ = {
			isa = PBXGroup;
			children = (
				3AC51A1A2BBB539A004E643B /* CryproApp.swift */,
				3A9B6BCD2BBCB05100CD40D1 /* Constants.swift */,
				3A9B6BC62BBCAA2900CD40D1 /* Utilities */,
				3A87400A2BBB720F004D1BCB /* Extensions */,
				3A9B6BC32BBCA7AC00CD40D1 /* Services */,
				3A8740052BBB6D35004D1BCB /* Models */,
				3A27B6C32BBB5C0D00FCC327 /* Core */,
				3AC51A1E2BBB539B004E643B /* Assets.xcassets */,
				3AC51A202BBB539B004E643B /* Preview Content */,
			);
			path = Crypro;
			sourceTree = "<group>";
		};
		3AC51A202BBB539B004E643B /* Preview Content */ = {
			isa = PBXGroup;
			children = (
				3AC51A212BBB539B004E643B /* Preview Assets.xcassets */,
			);
			path = "Preview Content";
			sourceTree = "<group>";
		};
/* End PBXGroup section */

/* Begin PBXNativeTarget section */
		3AC51A162BBB539A004E643B /* Crypro */ = {
			isa = PBXNativeTarget;
			buildConfigurationList = 3AC51A252BBB539B004E643B /* Build configuration list for PBXNativeTarget "Crypro" */;
			buildPhases = (
				3AC51A282BBB55AB004E643B /* SwiftLint */,
				3AC51A132BBB539A004E643B /* Sources */,
				3AC51A142BBB539A004E643B /* Frameworks */,
				3AC51A152BBB539A004E643B /* Resources */,
			);
			buildRules = (
			);
			dependencies = (
			);
			name = Crypro;
			productName = Crypro;
			productReference = 3AC51A172BBB539A004E643B /* Crypro.app */;
			productType = "com.apple.product-type.application";
		};
/* End PBXNativeTarget section */

/* Begin PBXProject section */
		3AC51A0F2BBB539A004E643B /* Project object */ = {
			isa = PBXProject;
			attributes = {
				BuildIndependentTargetsInParallel = 1;
				LastSwiftUpdateCheck = 1520;
				LastUpgradeCheck = 1520;
				TargetAttributes = {
					3AC51A162BBB539A004E643B = {
						CreatedOnToolsVersion = 15.2;
					};
				};
			};
			buildConfigurationList = 3AC51A122BBB539A004E643B /* Build configuration list for PBXProject "Crypro" */;
			compatibilityVersion = "Xcode 14.0";
			developmentRegion = en;
			hasScannedForEncodings = 0;
			knownRegions = (
				en,
				Base,
			);
			mainGroup = 3AC51A0E2BBB539A004E643B;
			productRefGroup = 3AC51A182BBB539A004E643B /* Products */;
			projectDirPath = "";
			projectRoot = "";
			targets = (
				3AC51A162BBB539A004E643B /* Crypro */,
			);
		};
/* End PBXProject section */

/* Begin PBXResourcesBuildPhase section */
		3AC51A152BBB539A004E643B /* Resources */ = {
			isa = PBXResourcesBuildPhase;
			buildActionMask = 2147483647;
			files = (
				3AC51A222BBB539B004E643B /* Preview Assets.xcassets in Resources */,
				3AC51A1F2BBB539B004E643B /* Assets.xcassets in Resources */,
			);
			runOnlyForDeploymentPostprocessing = 0;
		};
/* End PBXResourcesBuildPhase section */

/* Begin PBXShellScriptBuildPhase section */
		3AC51A282BBB55AB004E643B /* SwiftLint */ = {
			isa = PBXShellScriptBuildPhase;
			alwaysOutOfDate = 1;
			buildActionMask = 2147483647;
			files = (
			);
			inputFileListPaths = (
			);
			inputPaths = (
			);
			name = SwiftLint;
			outputFileListPaths = (
			);
			outputPaths = (
			);
			runOnlyForDeploymentPostprocessing = 0;
			shellPath = /bin/sh;
			shellScript = "export PATH=\"$PATH:/opt/homebrew/bin\"\n\nif which swiftlint; then\n    swiftlint\nelse\n  echo \"warning: SwiftLint not installed, download from https://github.com/realm/SwiftLint\"\nfi\n";
		};
/* End PBXShellScriptBuildPhase section */

/* Begin PBXSourcesBuildPhase section */
		3AC51A132BBB539A004E643B /* Sources */ = {
			isa = PBXSourcesBuildPhase;
			buildActionMask = 2147483647;
			files = (
				3A8740092BBB71CB004D1BCB /* CoinRowView.swift in Sources */,
				3A9B6BCC2BBCAADB00CD40D1 /* NetworkError.swift in Sources */,
				3A8740072BBB6D54004D1BCB /* Coin.swift in Sources */,
				3A87400C2BBB721D004D1BCB /* PreviewProvider+Development.swift in Sources */,
				3A9B6BCA2BBCAA7F00CD40D1 /* NetworkManager.swift in Sources */,
				3A9B6BCE2BBCB05100CD40D1 /* Constants.swift in Sources */,
				3A8740152BBB7D83004D1BCB /* HomeViewModel.swift in Sources */,
				3A27B6C82BBB5C3200FCC327 /* HomeView.swift in Sources */,
				3AC51A1B2BBB539A004E643B /* CryproApp.swift in Sources */,
				3A9B6BD62BBCC25F00CD40D1 /* CoinImageViewModel.swift in Sources */,
				3A9B6BD02BBCB68600CD40D1 /* HTTPMethod.swift in Sources */,
				3A87400E2BBB7659004D1BCB /* Color+Theme.swift in Sources */,
				3A9B6BD82BBCC2A500CD40D1 /* CoinImageService.swift in Sources */,
				3A27B6CB2BBB622500FCC327 /* CircleButtonView.swift in Sources */,
				3A9B6BD42BBCC23A00CD40D1 /* CoinImageView.swift in Sources */,
				3A9B6BDB2BBCC3FA00CD40D1 /* FilesManager.swift in Sources */,
				3A8740132BBB77BB004D1BCB /* Double+Formatter.swift in Sources */,
				3A9B6BC82BBCAA3F00CD40D1 /* NetworkEndpoint.swift in Sources */,
				3A27B6CE2BBB680E00FCC327 /* CircleButtonAnimationView.swift in Sources */,
				3A9B6BC52BBCA7CD00CD40D1 /* CoinDataService.swift in Sources */,
			);
			runOnlyForDeploymentPostprocessing = 0;
		};
/* End PBXSourcesBuildPhase section */

/* Begin XCBuildConfiguration section */
		3AC51A232BBB539B004E643B /* Debug */ = {
			isa = XCBuildConfiguration;
			buildSettings = {
				ALWAYS_SEARCH_USER_PATHS = NO;
				ASSETCATALOG_COMPILER_GENERATE_SWIFT_ASSET_SYMBOL_EXTENSIONS = YES;
				CLANG_ANALYZER_NONNULL = YES;
				CLANG_ANALYZER_NUMBER_OBJECT_CONVERSION = YES_AGGRESSIVE;
				CLANG_CXX_LANGUAGE_STANDARD = "gnu++20";
				CLANG_ENABLE_MODULES = YES;
				CLANG_ENABLE_OBJC_ARC = YES;
				CLANG_ENABLE_OBJC_WEAK = YES;
				CLANG_WARN_BLOCK_CAPTURE_AUTORELEASING = YES;
				CLANG_WARN_BOOL_CONVERSION = YES;
				CLANG_WARN_COMMA = YES;
				CLANG_WARN_CONSTANT_CONVERSION = YES;
				CLANG_WARN_DEPRECATED_OBJC_IMPLEMENTATIONS = YES;
				CLANG_WARN_DIRECT_OBJC_ISA_USAGE = YES_ERROR;
				CLANG_WARN_DOCUMENTATION_COMMENTS = YES;
				CLANG_WARN_EMPTY_BODY = YES;
				CLANG_WARN_ENUM_CONVERSION = YES;
				CLANG_WARN_INFINITE_RECURSION = YES;
				CLANG_WARN_INT_CONVERSION = YES;
				CLANG_WARN_NON_LITERAL_NULL_CONVERSION = YES;
				CLANG_WARN_OBJC_IMPLICIT_RETAIN_SELF = YES;
				CLANG_WARN_OBJC_LITERAL_CONVERSION = YES;
				CLANG_WARN_OBJC_ROOT_CLASS = YES_ERROR;
				CLANG_WARN_QUOTED_INCLUDE_IN_FRAMEWORK_HEADER = YES;
				CLANG_WARN_RANGE_LOOP_ANALYSIS = YES;
				CLANG_WARN_STRICT_PROTOTYPES = YES;
				CLANG_WARN_SUSPICIOUS_MOVE = YES;
				CLANG_WARN_UNGUARDED_AVAILABILITY = YES_AGGRESSIVE;
				CLANG_WARN_UNREACHABLE_CODE = YES;
				CLANG_WARN__DUPLICATE_METHOD_MATCH = YES;
				COPY_PHASE_STRIP = NO;
				DEBUG_INFORMATION_FORMAT = dwarf;
				ENABLE_STRICT_OBJC_MSGSEND = YES;
				ENABLE_TESTABILITY = YES;
				ENABLE_USER_SCRIPT_SANDBOXING = YES;
				GCC_C_LANGUAGE_STANDARD = gnu17;
				GCC_DYNAMIC_NO_PIC = NO;
				GCC_NO_COMMON_BLOCKS = YES;
				GCC_OPTIMIZATION_LEVEL = 0;
				GCC_PREPROCESSOR_DEFINITIONS = (
					"DEBUG=1",
					"$(inherited)",
				);
				GCC_WARN_64_TO_32_BIT_CONVERSION = YES;
				GCC_WARN_ABOUT_RETURN_TYPE = YES_ERROR;
				GCC_WARN_UNDECLARED_SELECTOR = YES;
				GCC_WARN_UNINITIALIZED_AUTOS = YES_AGGRESSIVE;
				GCC_WARN_UNUSED_FUNCTION = YES;
				GCC_WARN_UNUSED_VARIABLE = YES;
				IPHONEOS_DEPLOYMENT_TARGET = 17.2;
				LOCALIZATION_PREFERS_STRING_CATALOGS = YES;
				MTL_ENABLE_DEBUG_INFO = INCLUDE_SOURCE;
				MTL_FAST_MATH = YES;
				ONLY_ACTIVE_ARCH = YES;
				SDKROOT = iphoneos;
				SWIFT_ACTIVE_COMPILATION_CONDITIONS = "DEBUG $(inherited)";
				SWIFT_OPTIMIZATION_LEVEL = "-Onone";
			};
			name = Debug;
		};
		3AC51A242BBB539B004E643B /* Release */ = {
			isa = XCBuildConfiguration;
			buildSettings = {
				ALWAYS_SEARCH_USER_PATHS = NO;
				ASSETCATALOG_COMPILER_GENERATE_SWIFT_ASSET_SYMBOL_EXTENSIONS = YES;
				CLANG_ANALYZER_NONNULL = YES;
				CLANG_ANALYZER_NUMBER_OBJECT_CONVERSION = YES_AGGRESSIVE;
				CLANG_CXX_LANGUAGE_STANDARD = "gnu++20";
				CLANG_ENABLE_MODULES = YES;
				CLANG_ENABLE_OBJC_ARC = YES;
				CLANG_ENABLE_OBJC_WEAK = YES;
				CLANG_WARN_BLOCK_CAPTURE_AUTORELEASING = YES;
				CLANG_WARN_BOOL_CONVERSION = YES;
				CLANG_WARN_COMMA = YES;
				CLANG_WARN_CONSTANT_CONVERSION = YES;
				CLANG_WARN_DEPRECATED_OBJC_IMPLEMENTATIONS = YES;
				CLANG_WARN_DIRECT_OBJC_ISA_USAGE = YES_ERROR;
				CLANG_WARN_DOCUMENTATION_COMMENTS = YES;
				CLANG_WARN_EMPTY_BODY = YES;
				CLANG_WARN_ENUM_CONVERSION = YES;
				CLANG_WARN_INFINITE_RECURSION = YES;
				CLANG_WARN_INT_CONVERSION = YES;
				CLANG_WARN_NON_LITERAL_NULL_CONVERSION = YES;
				CLANG_WARN_OBJC_IMPLICIT_RETAIN_SELF = YES;
				CLANG_WARN_OBJC_LITERAL_CONVERSION = YES;
				CLANG_WARN_OBJC_ROOT_CLASS = YES_ERROR;
				CLANG_WARN_QUOTED_INCLUDE_IN_FRAMEWORK_HEADER = YES;
				CLANG_WARN_RANGE_LOOP_ANALYSIS = YES;
				CLANG_WARN_STRICT_PROTOTYPES = YES;
				CLANG_WARN_SUSPICIOUS_MOVE = YES;
				CLANG_WARN_UNGUARDED_AVAILABILITY = YES_AGGRESSIVE;
				CLANG_WARN_UNREACHABLE_CODE = YES;
				CLANG_WARN__DUPLICATE_METHOD_MATCH = YES;
				COPY_PHASE_STRIP = NO;
				DEBUG_INFORMATION_FORMAT = "dwarf-with-dsym";
				ENABLE_NS_ASSERTIONS = NO;
				ENABLE_STRICT_OBJC_MSGSEND = YES;
				ENABLE_USER_SCRIPT_SANDBOXING = YES;
				GCC_C_LANGUAGE_STANDARD = gnu17;
				GCC_NO_COMMON_BLOCKS = YES;
				GCC_WARN_64_TO_32_BIT_CONVERSION = YES;
				GCC_WARN_ABOUT_RETURN_TYPE = YES_ERROR;
				GCC_WARN_UNDECLARED_SELECTOR = YES;
				GCC_WARN_UNINITIALIZED_AUTOS = YES_AGGRESSIVE;
				GCC_WARN_UNUSED_FUNCTION = YES;
				GCC_WARN_UNUSED_VARIABLE = YES;
				IPHONEOS_DEPLOYMENT_TARGET = 17.2;
				LOCALIZATION_PREFERS_STRING_CATALOGS = YES;
				MTL_ENABLE_DEBUG_INFO = NO;
				MTL_FAST_MATH = YES;
				SDKROOT = iphoneos;
				SWIFT_COMPILATION_MODE = wholemodule;
				VALIDATE_PRODUCT = YES;
			};
			name = Release;
		};
		3AC51A262BBB539B004E643B /* Debug */ = {
			isa = XCBuildConfiguration;
			buildSettings = {
				ASSETCATALOG_COMPILER_APPICON_NAME = AppIcon;
				ASSETCATALOG_COMPILER_GLOBAL_ACCENT_COLOR_NAME = AccentColor;
				CODE_SIGN_STYLE = Automatic;
				CURRENT_PROJECT_VERSION = 1;
				DEVELOPMENT_ASSET_PATHS = "\"Crypro/Preview Content\"";
				DEVELOPMENT_TEAM = 9PF2GLF6PD;
				ENABLE_PREVIEWS = YES;
				ENABLE_USER_SCRIPT_SANDBOXING = NO;
				GENERATE_INFOPLIST_FILE = YES;
				INFOPLIST_KEY_CFBundleDisplayName = Crypro;
				INFOPLIST_KEY_UIApplicationSceneManifest_Generation = YES;
				INFOPLIST_KEY_UIApplicationSupportsIndirectInputEvents = YES;
				INFOPLIST_KEY_UILaunchScreen_Generation = YES;
				INFOPLIST_KEY_UISupportedInterfaceOrientations = UIInterfaceOrientationPortrait;
				INFOPLIST_KEY_UISupportedInterfaceOrientations_iPad = "UIInterfaceOrientationLandscapeLeft UIInterfaceOrientationLandscapeRight UIInterfaceOrientationPortrait UIInterfaceOrientationPortraitUpsideDown";
				IPHONEOS_DEPLOYMENT_TARGET = 16.0;
				LD_RUNPATH_SEARCH_PATHS = (
					"$(inherited)",
					"@executable_path/Frameworks",
				);
				MARKETING_VERSION = 1.0;
				PRODUCT_BUNDLE_IDENTIFIER = project.Crypro;
				PRODUCT_NAME = "$(TARGET_NAME)";
				SWIFT_EMIT_LOC_STRINGS = YES;
				SWIFT_VERSION = 5.0;
				TARGETED_DEVICE_FAMILY = "1,2";
			};
			name = Debug;
		};
		3AC51A272BBB539B004E643B /* Release */ = {
			isa = XCBuildConfiguration;
			buildSettings = {
				ASSETCATALOG_COMPILER_APPICON_NAME = AppIcon;
				ASSETCATALOG_COMPILER_GLOBAL_ACCENT_COLOR_NAME = AccentColor;
				CODE_SIGN_STYLE = Automatic;
				CURRENT_PROJECT_VERSION = 1;
				DEVELOPMENT_ASSET_PATHS = "\"Crypro/Preview Content\"";
				DEVELOPMENT_TEAM = 9PF2GLF6PD;
				ENABLE_PREVIEWS = YES;
				ENABLE_USER_SCRIPT_SANDBOXING = NO;
				GENERATE_INFOPLIST_FILE = YES;
				INFOPLIST_KEY_CFBundleDisplayName = Crypro;
				INFOPLIST_KEY_UIApplicationSceneManifest_Generation = YES;
				INFOPLIST_KEY_UIApplicationSupportsIndirectInputEvents = YES;
				INFOPLIST_KEY_UILaunchScreen_Generation = YES;
				INFOPLIST_KEY_UISupportedInterfaceOrientations = UIInterfaceOrientationPortrait;
				INFOPLIST_KEY_UISupportedInterfaceOrientations_iPad = "UIInterfaceOrientationLandscapeLeft UIInterfaceOrientationLandscapeRight UIInterfaceOrientationPortrait UIInterfaceOrientationPortraitUpsideDown";
				IPHONEOS_DEPLOYMENT_TARGET = 16.0;
				LD_RUNPATH_SEARCH_PATHS = (
					"$(inherited)",
					"@executable_path/Frameworks",
				);
				MARKETING_VERSION = 1.0;
				PRODUCT_BUNDLE_IDENTIFIER = project.Crypro;
				PRODUCT_NAME = "$(TARGET_NAME)";
				SWIFT_EMIT_LOC_STRINGS = YES;
				SWIFT_VERSION = 5.0;
				TARGETED_DEVICE_FAMILY = "1,2";
			};
			name = Release;
		};
/* End XCBuildConfiguration section */

/* Begin XCConfigurationList section */
		3AC51A122BBB539A004E643B /* Build configuration list for PBXProject "Crypro" */ = {
			isa = XCConfigurationList;
			buildConfigurations = (
				3AC51A232BBB539B004E643B /* Debug */,
				3AC51A242BBB539B004E643B /* Release */,
			);
			defaultConfigurationIsVisible = 0;
			defaultConfigurationName = Release;
		};
		3AC51A252BBB539B004E643B /* Build configuration list for PBXNativeTarget "Crypro" */ = {
			isa = XCConfigurationList;
			buildConfigurations = (
				3AC51A262BBB539B004E643B /* Debug */,
				3AC51A272BBB539B004E643B /* Release */,
			);
			defaultConfigurationIsVisible = 0;
			defaultConfigurationName = Release;
		};
/* End XCConfigurationList section */
	};
	rootObject = 3AC51A0F2BBB539A004E643B /* Project object */;
}
